
Microsoft Visual Studio Solution File, Format Version 12.00
# Visual Studio 15
VisualStudioVersion = 15.0.27703.2047
MinimumVisualStudioVersion = 10.0.40219.1
Project("{FAE04EC0-301F-11D3-BF4B-00C04F79EFBC}") = "Ejercicio2.Android", "Ejercicio2\Ejercicio2.Android\Ejercicio2.Android.csproj", "{8DC3627F-46D0-42CE-9293-019C499AB3C6}"
EndProject
Project("{FAE04EC0-301F-11D3-BF4B-00C04F79EFBC}") = "Ejercicio2.iOS", "Ejercicio2\Ejercicio2.iOS\Ejercicio2.iOS.csproj", "{07544271-3C2B-4E85-97FC-604483574DB4}"
EndProject
Project("{FAE04EC0-301F-11D3-BF4B-00C04F79EFBC}") = "Ejercicio2", "Ejercicio2\Ejercicio2\Ejercicio2.csproj", "{13F38CE1-AABF-43C4-8213-893619C59D81}"
EndProject
Global
	GlobalSection(SolutionConfigurationPlatforms) = preSolution
		Ad-Hoc|Any CPU = Ad-Hoc|Any CPU
		Ad-Hoc|iPhone = Ad-Hoc|iPhone
		Ad-Hoc|iPhoneSimulator = Ad-Hoc|iPhoneSimulator
		AppStore|Any CPU = AppStore|Any CPU
		AppStore|iPhone = AppStore|iPhone
		AppStore|iPhoneSimulator = AppStore|iPhoneSimulator
		Debug|Any CPU = Debug|Any CPU
		Debug|iPhone = Debug|iPhone
		Debug|iPhoneSimulator = Debug|iPhoneSimulator
		Release|Any CPU = Release|Any CPU
		Release|iPhone = Release|iPhone
		Release|iPhoneSimulator = Release|iPhoneSimulator
	EndGlobalSection
	GlobalSection(ProjectConfigurationPlatforms) = postSolution
		{8DC3627F-46D0-42CE-9293-019C499AB3C6}.Ad-Hoc|Any CPU.ActiveCfg = Release|Any CPU
		{8DC3627F-46D0-42CE-9293-019C499AB3C6}.Ad-Hoc|Any CPU.Build.0 = Release|Any CPU
		{8DC3627F-46D0-42CE-9293-019C499AB3C6}.Ad-Hoc|Any CPU.Deploy.0 = Release|Any CPU
		{8DC3627F-46D0-42CE-9293-019C499AB3C6}.Ad-Hoc|iPhone.ActiveCfg = Release|Any CPU
		{8DC3627F-46D0-42CE-9293-019C499AB3C6}.Ad-Hoc|iPhone.Build.0 = Release|Any CPU
		{8DC3627F-46D0-42CE-9293-019C499AB3C6}.Ad-Hoc|iPhone.Deploy.0 = Release|Any CPU
		{8DC3627F-46D0-42CE-9293-019C499AB3C6}.Ad-Hoc|iPhoneSimulator.ActiveCfg = Release|Any CPU
		{8DC3627F-46D0-42CE-9293-019C499AB3C6}.Ad-Hoc|iPhoneSimulator.Build.0 = Release|Any CPU
		{8DC3627F-46D0-42CE-9293-019C499AB3C6}.Ad-Hoc|iPhoneSimulator.Deploy.0 = Release|Any CPU
		{8DC3627F-46D0-42CE-9293-019C499AB3C6}.AppStore|Any CPU.ActiveCfg = Release|Any CPU
		{8DC3627F-46D0-42CE-9293-019C499AB3C6}.AppStore|Any CPU.Build.0 = Release|Any CPU
		{8DC3627F-46D0-42CE-9293-019C499AB3C6}.AppStore|Any CPU.Deploy.0 = Release|Any CPU
		{8DC3627F-46D0-42CE-9293-019C499AB3C6}.AppStore|iPhone.ActiveCfg = Release|Any CPU
		{8DC3627F-46D0-42CE-9293-019C499AB3C6}.AppStore|iPhone.Build.0 = Release|Any CPU
		{8DC3627F-46D0-42CE-9293-019C499AB3C6}.AppStore|iPhone.Deploy.0 = Release|Any CPU
		{8DC3627F-46D0-42CE-9293-019C499AB3C6}.AppStore|iPhoneSimulator.ActiveCfg = Release|Any CPU
		{8DC3627F-46D0-42CE-9293-019C499AB3C6}.AppStore|iPhoneSimulator.Build.0 = Release|Any CPU
		{8DC3627F-46D0-42CE-9293-019C499AB3C6}.AppStore|iPhoneSimulator.Deploy.0 = Release|Any CPU
		{8DC3627F-46D0-42CE-9293-019C499AB3C6}.Debug|Any CPU.ActiveCfg = Debug|Any CPU
		{8DC3627F-46D0-42CE-9293-019C499AB3C6}.Debug|Any CPU.Build.0 = Debug|Any CPU
		{8DC3627F-46D0-42CE-9293-019C499AB3C6}.Debug|Any CPU.Deploy.0 = Debug|Any CPU
		{8DC3627F-46D0-42CE-9293-019C499AB3C6}.Debug|iPhone.ActiveCfg = Debug|Any CPU
		{8DC3627F-46D0-42CE-9293-019C499AB3C6}.Debug|iPhone.Build.0 = Debug|Any CPU
		{8DC3627F-46D0-42CE-9293-019C499AB3C6}.Debug|iPhone.Deploy.0 = Debug|Any CPU
		{8DC3627F-46D0-42CE-9293-019C499AB3C6}.Debug|iPhoneSimulator.ActiveCfg = Debug|Any CPU
		{8DC3627F-46D0-42CE-9293-019C499AB3C6}.Debug|iPhoneSimulator.Build.0 = Debug|Any CPU
		{8DC3627F-46D0-42CE-9293-019C499AB3C6}.Debug|iPhoneSimulator.Deploy.0 = Debug|Any CPU
		{8DC3627F-46D0-42CE-9293-019C499AB3C6}.Release|Any CPU.ActiveCfg = Release|Any CPU
		{8DC3627F-46D0-42CE-9293-019C499AB3C6}.Release|Any CPU.Build.0 = Release|Any CPU
		{8DC3627F-46D0-42CE-9293-019C499AB3C6}.Release|Any CPU.Deploy.0 = Release|Any CPU
		{8DC3627F-46D0-42CE-9293-019C499AB3C6}.Release|iPhone.ActiveCfg = Release|Any CPU
		{8DC3627F-46D0-42CE-9293-019C499AB3C6}.Release|iPhone.Build.0 = Release|Any CPU
		{8DC3627F-46D0-42CE-9293-019C499AB3C6}.Release|iPhone.Deploy.0 = Release|Any CPU
		{8DC3627F-46D0-42CE-9293-019C499AB3C6}.Release|iPhoneSimulator.ActiveCfg = Release|Any CPU
		{8DC3627F-46D0-42CE-9293-019C499AB3C6}.Release|iPhoneSimulator.Build.0 = Release|Any CPU
		{8DC3627F-46D0-42CE-9293-019C499AB3C6}.Release|iPhoneSimulator.Deploy.0 = Release|Any CPU
		{07544271-3C2B-4E85-97FC-604483574DB4}.Ad-Hoc|Any CPU.ActiveCfg = Ad-Hoc|iPhone
		{07544271-3C2B-4E85-97FC-604483574DB4}.Ad-Hoc|Any CPU.Build.0 = Ad-Hoc|iPhone
		{07544271-3C2B-4E85-97FC-604483574DB4}.Ad-Hoc|Any CPU.Deploy.0 = Ad-Hoc|iPhone
		{07544271-3C2B-4E85-97FC-604483574DB4}.Ad-Hoc|iPhone.ActiveCfg = Ad-Hoc|iPhone
		{07544271-3C2B-4E85-97FC-604483574DB4}.Ad-Hoc|iPhone.Build.0 = Ad-Hoc|iPhone
		{07544271-3C2B-4E85-97FC-604483574DB4}.Ad-Hoc|iPhone.Deploy.0 = Ad-Hoc|iPhone
		{07544271-3C2B-4E85-97FC-604483574DB4}.Ad-Hoc|iPhoneSimulator.ActiveCfg = Ad-Hoc|iPhoneSimulator
		{07544271-3C2B-4E85-97FC-604483574DB4}.Ad-Hoc|iPhoneSimulator.Build.0 = Ad-Hoc|iPhoneSimulator
		{07544271-3C2B-4E85-97FC-604483574DB4}.Ad-Hoc|iPhoneSimulator.Deploy.0 = Ad-Hoc|iPhoneSimulator
		{07544271-3C2B-4E85-97FC-604483574DB4}.AppStore|Any CPU.ActiveCfg = AppStore|iPhone
		{07544271-3C2B-4E85-97FC-604483574DB4}.AppStore|Any CPU.Build.0 = AppStore|iPhone
		{07544271-3C2B-4E85-97FC-604483574DB4}.AppStore|Any CPU.Deploy.0 = AppStore|iPhone
		{07544271-3C2B-4E85-97FC-604483574DB4}.AppStore|iPhone.ActiveCfg = AppStore|iPhone
		{07544271-3C2B-4E85-97FC-604483574DB4}.AppStore|iPhone.Build.0 = AppStore|iPhone
		{07544271-3C2B-4E85-97FC-604483574DB4}.AppStore|iPhone.Deploy.0 = AppStore|iPhone
		{07544271-3C2B-4E85-97FC-604483574DB4}.AppStore|iPhoneSimulator.ActiveCfg = AppStore|iPhoneSimulator
		{07544271-3C2B-4E85-97FC-604483574DB4}.AppStore|iPhoneSimulator.Build.0 = AppStore|iPhoneSimulator
		{07544271-3C2B-4E85-97FC-604483574DB4}.AppStore|iPhoneSimulator.Deploy.0 = AppStore|iPhoneSimulator
		{07544271-3C2B-4E85-97FC-604483574DB4}.Debug|Any CPU.ActiveCfg = Debug|iPhoneSimulator
		{07544271-3C2B-4E85-97FC-604483574DB4}.Debug|Any CPU.Build.0 = Debug|iPhoneSimulator
		{07544271-3C2B-4E85-97FC-604483574DB4}.Debug|Any CPU.Deploy.0 = Debug|iPhoneSimulator
		{07544271-3C2B-4E85-97FC-604483574DB4}.Debug|iPhone.ActiveCfg = Debug|iPhone
		{07544271-3C2B-4E85-97FC-604483574DB4}.Debug|iPhone.Build.0 = Debug|iPhone
		{07544271-3C2B-4E85-97FC-604483574DB4}.Debug|iPhone.Deploy.0 = Debug|iPhone
		{07544271-3C2B-4E85-97FC-604483574DB4}.Debug|iPhoneSimulator.ActiveCfg = Debug|iPhoneSimulator
		{07544271-3C2B-4E85-97FC-604483574DB4}.Debug|iPhoneSimulator.Build.0 = Debug|iPhoneSimulator
		{07544271-3C2B-4E85-97FC-604483574DB4}.Debug|iPhoneSimulator.Deploy.0 = Debug|iPhoneSimulator
		{07544271-3C2B-4E85-97FC-604483574DB4}.Release|Any CPU.ActiveCfg = Release|iPhone
		{07544271-3C2B-4E85-97FC-604483574DB4}.Release|Any CPU.Build.0 = Release|iPhone
		{07544271-3C2B-4E85-97FC-604483574DB4}.Release|Any CPU.Deploy.0 = Release|iPhone
		{07544271-3C2B-4E85-97FC-604483574DB4}.Release|iPhone.ActiveCfg = Release|iPhone
		{07544271-3C2B-4E85-97FC-604483574DB4}.Release|iPhone.Build.0 = Release|iPhone
		{07544271-3C2B-4E85-97FC-604483574DB4}.Release|iPhone.Deploy.0 = Release|iPhone
		{07544271-3C2B-4E85-97FC-604483574DB4}.Release|iPhoneSimulator.ActiveCfg = Release|iPhoneSimulator
		{07544271-3C2B-4E85-97FC-604483574DB4}.Release|iPhoneSimulator.Build.0 = Release|iPhoneSimulator
		{07544271-3C2B-4E85-97FC-604483574DB4}.Release|iPhoneSimulator.Deploy.0 = Release|iPhoneSimulator
		{13F38CE1-AABF-43C4-8213-893619C59D81}.Ad-Hoc|Any CPU.ActiveCfg = Debug|Any CPU
		{13F38CE1-AABF-43C4-8213-893619C59D81}.Ad-Hoc|Any CPU.Build.0 = Debug|Any CPU
		{13F38CE1-AABF-43C4-8213-893619C59D81}.Ad-Hoc|Any CPU.Deploy.0 = Debug|Any CPU
		{13F38CE1-AABF-43C4-8213-893619C59D81}.Ad-Hoc|iPhone.ActiveCfg = Debug|Any CPU
		{13F38CE1-AABF-43C4-8213-893619C59D81}.Ad-Hoc|iPhone.Build.0 = Debug|Any CPU
		{13F38CE1-AABF-43C4-8213-893619C59D81}.Ad-Hoc|iPhone.Deploy.0 = Debug|Any CPU
		{13F38CE1-AABF-43C4-8213-893619C59D81}.Ad-Hoc|iPhoneSimulator.ActiveCfg = Debug|Any CPU
		{13F38CE1-AABF-43C4-8213-893619C59D81}.Ad-Hoc|iPhoneSimulator.Build.0 = Debug|Any CPU
		{13F38CE1-AABF-43C4-8213-893619C59D81}.Ad-Hoc|iPhoneSimulator.Deploy.0 = Debug|Any CPU
		{13F38CE1-AABF-43C4-8213-893619C59D81}.AppStore|Any CPU.ActiveCfg = Debug|Any CPU
		{13F38CE1-AABF-43C4-8213-893619C59D81}.AppStore|Any CPU.Build.0 = Debug|Any CPU
		{13F38CE1-AABF-43C4-8213-893619C59D81}.AppStore|Any CPU.Deploy.0 = Debug|Any CPU
		{13F38CE1-AABF-43C4-8213-893619C59D81}.AppStore|iPhone.ActiveCfg = Debug|Any CPU
		{13F38CE1-AABF-43C4-8213-893619C59D81}.AppStore|iPhone.Build.0 = Debug|Any CPU
		{13F38CE1-AABF-43C4-8213-893619C59D81}.AppStore|iPhone.Deploy.0 = Debug|Any CPU
		{13F38CE1-AABF-43C4-8213-893619C59D81}.AppStore|iPhoneSimulator.ActiveCfg = Debug|Any CPU
		{13F38CE1-AABF-43C4-8213-893619C59D81}.AppStore|iPhoneSimulator.Build.0 = Debug|Any CPU
		{13F38CE1-AABF-43C4-8213-893619C59D81}.AppStore|iPhoneSimulator.Deploy.0 = Debug|Any CPU
		{13F38CE1-AABF-43C4-8213-893619C59D81}.Debug|Any CPU.ActiveCfg = Debug|Any CPU
		{13F38CE1-AABF-43C4-8213-893619C59D81}.Debug|Any CPU.Build.0 = Debug|Any CPU
		{13F38CE1-AABF-43C4-8213-893619C59D81}.Debug|Any CPU.Deploy.0 = Debug|Any CPU
		{13F38CE1-AABF-43C4-8213-893619C59D81}.Debug|iPhone.ActiveCfg = Debug|Any CPU
		{13F38CE1-AABF-43C4-8213-893619C59D81}.Debug|iPhone.Build.0 = Debug|Any CPU
		{13F38CE1-AABF-43C4-8213-893619C59D81}.Debug|iPhone.Deploy.0 = Debug|Any CPU
		{13F38CE1-AABF-43C4-8213-893619C59D81}.Debug|iPhoneSimulator.ActiveCfg = Debug|Any CPU
		{13F38CE1-AABF-43C4-8213-893619C59D81}.Debug|iPhoneSimulator.Build.0 = Debug|Any CPU
		{13F38CE1-AABF-43C4-8213-893619C59D81}.Debug|iPhoneSimulator.Deploy.0 = Debug|Any CPU
		{13F38CE1-AABF-43C4-8213-893619C59D81}.Release|Any CPU.ActiveCfg = Release|Any CPU
		{13F38CE1-AABF-43C4-8213-893619C59D81}.Release|Any CPU.Build.0 = Release|Any CPU
		{13F38CE1-AABF-43C4-8213-893619C59D81}.Release|Any CPU.Deploy.0 = Release|Any CPU
		{13F38CE1-AABF-43C4-8213-893619C59D81}.Release|iPhone.ActiveCfg = Release|Any CPU
		{13F38CE1-AABF-43C4-8213-893619C59D81}.Release|iPhone.Build.0 = Release|Any CPU
		{13F38CE1-AABF-43C4-8213-893619C59D81}.Release|iPhone.Deploy.0 = Release|Any CPU
		{13F38CE1-AABF-43C4-8213-893619C59D81}.Release|iPhoneSimulator.ActiveCfg = Release|Any CPU
		{13F38CE1-AABF-43C4-8213-893619C59D81}.Release|iPhoneSimulator.Build.0 = Release|Any CPU
		{13F38CE1-AABF-43C4-8213-893619C59D81}.Release|iPhoneSimulator.Deploy.0 = Release|Any CPU
	EndGlobalSection
	GlobalSection(SolutionProperties) = preSolution
		HideSolutionNode = FALSE
	EndGlobalSection
	GlobalSection(ExtensibilityGlobals) = postSolution
		SolutionGuid = {37A7EEDA-A264-434F-BE8C-0B4A7E3B5251}
	EndGlobalSection
EndGlobal
